// !$*UTF8*$!
{
	archiveVersion = 1;
	classes = {
	};
	objectVersion = 56;
	objects = {

/* Begin PBXBuildFile section */
		C17620B42BC7D6BC00CFC0B1 /* AppDelegate.swift in Sources */ = {isa = PBXBuildFile; fileRef = C17620B32BC7D6BC00CFC0B1 /* AppDelegate.swift */; };
		C17620B62BC7D6BC00CFC0B1 /* SceneDelegate.swift in Sources */ = {isa = PBXBuildFile; fileRef = C17620B52BC7D6BC00CFC0B1 /* SceneDelegate.swift */; };
		C17620BD2BC7D6C200CFC0B1 /* Assets.xcassets in Resources */ = {isa = PBXBuildFile; fileRef = C17620BC2BC7D6C200CFC0B1 /* Assets.xcassets */; };
		C17620C02BC7D6C200CFC0B1 /* Base in Resources */ = {isa = PBXBuildFile; fileRef = C17620BF2BC7D6C200CFC0B1 /* Base */; };
		C17654BB2BD3873900EEEF12 /* Coordinator.swift in Sources */ = {isa = PBXBuildFile; fileRef = C17654BA2BD3873900EEEF12 /* Coordinator.swift */; };
		C17654C22BD3882100EEEF12 /* FavoritesViewController.swift in Sources */ = {isa = PBXBuildFile; fileRef = C17654C12BD3882100EEEF12 /* FavoritesViewController.swift */; };
		C17654C42BD3882E00EEEF12 /* ProductListViewController.swift in Sources */ = {isa = PBXBuildFile; fileRef = C17654C32BD3882E00EEEF12 /* ProductListViewController.swift */; };
		C17654C62BD3883900EEEF12 /* BucketListViewController.swift in Sources */ = {isa = PBXBuildFile; fileRef = C17654C52BD3883900EEEF12 /* BucketListViewController.swift */; };
		C17654CE2BD38F4C00EEEF12 /* AppCoordinator.swift in Sources */ = {isa = PBXBuildFile; fileRef = C17654CD2BD38F4C00EEEF12 /* AppCoordinator.swift */; };
		C17654D42BD3A1D400EEEF12 /* TabBarCoordinator.swift in Sources */ = {isa = PBXBuildFile; fileRef = C17654D32BD3A1D400EEEF12 /* TabBarCoordinator.swift */; };
		C17654D62BD3AA4200EEEF12 /* TabBarPage.swift in Sources */ = {isa = PBXBuildFile; fileRef = C17654D52BD3AA4200EEEF12 /* TabBarPage.swift */; };
		C17654D82BD3B05A00EEEF12 /* BucketListPresenter.swift in Sources */ = {isa = PBXBuildFile; fileRef = C17654D72BD3B05A00EEEF12 /* BucketListPresenter.swift */; };
		C17654DA2BD3B07200EEEF12 /* BucketListInteractor.swift in Sources */ = {isa = PBXBuildFile; fileRef = C17654D92BD3B07200EEEF12 /* BucketListInteractor.swift */; };
		C17654DC2BD3B0AC00EEEF12 /* BucketListCoordinator.swift in Sources */ = {isa = PBXBuildFile; fileRef = C17654DB2BD3B0AC00EEEF12 /* BucketListCoordinator.swift */; };
		C17654DE2BD3B4C000EEEF12 /* ModuleFactory.swift in Sources */ = {isa = PBXBuildFile; fileRef = C17654DD2BD3B4C000EEEF12 /* ModuleFactory.swift */; };
/* End PBXBuildFile section */

/* Begin PBXFileReference section */
		C17620B02BC7D6BC00CFC0B1 /* iOSPathToAvito.app */ = {isa = PBXFileReference; explicitFileType = wrapper.application; includeInIndex = 0; path = iOSPathToAvito.app; sourceTree = BUILT_PRODUCTS_DIR; };
		C17620B32BC7D6BC00CFC0B1 /* AppDelegate.swift */ = {isa = PBXFileReference; lastKnownFileType = sourcecode.swift; path = AppDelegate.swift; sourceTree = "<group>"; };
		C17620B52BC7D6BC00CFC0B1 /* SceneDelegate.swift */ = {isa = PBXFileReference; lastKnownFileType = sourcecode.swift; path = SceneDelegate.swift; sourceTree = "<group>"; };
		C17620BC2BC7D6C200CFC0B1 /* Assets.xcassets */ = {isa = PBXFileReference; lastKnownFileType = folder.assetcatalog; path = Assets.xcassets; sourceTree = "<group>"; };
		C17620BF2BC7D6C200CFC0B1 /* Base */ = {isa = PBXFileReference; lastKnownFileType = file.storyboard; name = Base; path = Base.lproj/LaunchScreen.storyboard; sourceTree = "<group>"; };
		C17620C12BC7D6C200CFC0B1 /* Info.plist */ = {isa = PBXFileReference; lastKnownFileType = text.plist.xml; path = Info.plist; sourceTree = "<group>"; };
		C17654BA2BD3873900EEEF12 /* Coordinator.swift */ = {isa = PBXFileReference; lastKnownFileType = sourcecode.swift; path = Coordinator.swift; sourceTree = "<group>"; };
		C17654C12BD3882100EEEF12 /* FavoritesViewController.swift */ = {isa = PBXFileReference; lastKnownFileType = sourcecode.swift; path = FavoritesViewController.swift; sourceTree = "<group>"; };
		C17654C32BD3882E00EEEF12 /* ProductListViewController.swift */ = {isa = PBXFileReference; lastKnownFileType = sourcecode.swift; path = ProductListViewController.swift; sourceTree = "<group>"; };
		C17654C52BD3883900EEEF12 /* BucketListViewController.swift */ = {isa = PBXFileReference; lastKnownFileType = sourcecode.swift; path = BucketListViewController.swift; sourceTree = "<group>"; };
		C17654CD2BD38F4C00EEEF12 /* AppCoordinator.swift */ = {isa = PBXFileReference; lastKnownFileType = sourcecode.swift; path = AppCoordinator.swift; sourceTree = "<group>"; };
		C17654D32BD3A1D400EEEF12 /* TabBarCoordinator.swift */ = {isa = PBXFileReference; lastKnownFileType = sourcecode.swift; path = TabBarCoordinator.swift; sourceTree = "<group>"; };
		C17654D52BD3AA4200EEEF12 /* TabBarPage.swift */ = {isa = PBXFileReference; lastKnownFileType = sourcecode.swift; path = TabBarPage.swift; sourceTree = "<group>"; };
		C17654D72BD3B05A00EEEF12 /* BucketListPresenter.swift */ = {isa = PBXFileReference; lastKnownFileType = sourcecode.swift; path = BucketListPresenter.swift; sourceTree = "<group>"; };
		C17654D92BD3B07200EEEF12 /* BucketListInteractor.swift */ = {isa = PBXFileReference; lastKnownFileType = sourcecode.swift; path = BucketListInteractor.swift; sourceTree = "<group>"; };
		C17654DB2BD3B0AC00EEEF12 /* BucketListCoordinator.swift */ = {isa = PBXFileReference; lastKnownFileType = sourcecode.swift; path = BucketListCoordinator.swift; sourceTree = "<group>"; };
		C17654DD2BD3B4C000EEEF12 /* ModuleFactory.swift */ = {isa = PBXFileReference; lastKnownFileType = sourcecode.swift; path = ModuleFactory.swift; sourceTree = "<group>"; };
/* End PBXFileReference section */

/* Begin PBXFrameworksBuildPhase section */
		C17620AD2BC7D6BC00CFC0B1 /* Frameworks */ = {
			isa = PBXFrameworksBuildPhase;
			buildActionMask = 2147483647;
			files = (
			);
			runOnlyForDeploymentPostprocessing = 0;
		};
/* End PBXFrameworksBuildPhase section */

/* Begin PBXGroup section */
		C17620A72BC7D6BC00CFC0B1 = {
			isa = PBXGroup;
			children = (
				C17620B22BC7D6BC00CFC0B1 /* iOSPathToAvito */,
				C17620B12BC7D6BC00CFC0B1 /* Products */,
			);
			sourceTree = "<group>";
		};
		C17620B12BC7D6BC00CFC0B1 /* Products */ = {
			isa = PBXGroup;
			children = (
				C17620B02BC7D6BC00CFC0B1 /* iOSPathToAvito.app */,
			);
			name = Products;
			sourceTree = "<group>";
		};
		C17620B22BC7D6BC00CFC0B1 /* iOSPathToAvito */ = {
			isa = PBXGroup;
			children = (
				C17620B32BC7D6BC00CFC0B1 /* AppDelegate.swift */,
				C17620B52BC7D6BC00CFC0B1 /* SceneDelegate.swift */,
				C17654B62BD386E800EEEF12 /* Coordinator */,
				C17620C72BC7D80E00CFC0B1 /* Modules */,
				C17620BC2BC7D6C200CFC0B1 /* Assets.xcassets */,
				C17620BE2BC7D6C200CFC0B1 /* LaunchScreen.storyboard */,
				C17620C12BC7D6C200CFC0B1 /* Info.plist */,
			);
			path = iOSPathToAvito;
			sourceTree = "<group>";
		};
		C17620C72BC7D80E00CFC0B1 /* Modules */ = {
			isa = PBXGroup;
			children = (
				C17654DD2BD3B4C000EEEF12 /* ModuleFactory.swift */,
				C17654C02BD387FB00EEEF12 /* BucketList */,
				C17654BF2BD387D200EEEF12 /* ProductList */,
				C17654BE2BD387C900EEEF12 /* Favorites */,
			);
			path = Modules;
			sourceTree = "<group>";
		};
		C17654B62BD386E800EEEF12 /* Coordinator */ = {
			isa = PBXGroup;
			children = (
				C17654BA2BD3873900EEEF12 /* Coordinator.swift */,
				C17654CD2BD38F4C00EEEF12 /* AppCoordinator.swift */,
				C17654D32BD3A1D400EEEF12 /* TabBarCoordinator.swift */,
				C17654D52BD3AA4200EEEF12 /* TabBarPage.swift */,
			);
			path = Coordinator;
			sourceTree = "<group>";
		};
		C17654BE2BD387C900EEEF12 /* Favorites */ = {
			isa = PBXGroup;
			children = (
				C17654C12BD3882100EEEF12 /* FavoritesViewController.swift */,
			);
			path = Favorites;
			sourceTree = "<group>";
		};
		C17654BF2BD387D200EEEF12 /* ProductList */ = {
			isa = PBXGroup;
			children = (
				C17654C32BD3882E00EEEF12 /* ProductListViewController.swift */,
			);
			path = ProductList;
			sourceTree = "<group>";
		};
		C17654C02BD387FB00EEEF12 /* BucketList */ = {
			isa = PBXGroup;
			children = (
				C17654C52BD3883900EEEF12 /* BucketListViewController.swift */,
				C17654D72BD3B05A00EEEF12 /* BucketListPresenter.swift */,
				C17654D92BD3B07200EEEF12 /* BucketListInteractor.swift */,
				C17654DB2BD3B0AC00EEEF12 /* BucketListCoordinator.swift */,
			);
			path = BucketList;
			sourceTree = "<group>";
		};
/* End PBXGroup section */

/* Begin PBXNativeTarget section */
		C17620AF2BC7D6BC00CFC0B1 /* iOSPathToAvito */ = {
			isa = PBXNativeTarget;
			buildConfigurationList = C17620C42BC7D6C200CFC0B1 /* Build configuration list for PBXNativeTarget "iOSPathToAvito" */;
			buildPhases = (
				C17620AC2BC7D6BC00CFC0B1 /* Sources */,
				C17620AD2BC7D6BC00CFC0B1 /* Frameworks */,
				C17620AE2BC7D6BC00CFC0B1 /* Resources */,
			);
			buildRules = (
			);
			dependencies = (
			);
			name = iOSPathToAvito;
			productName = iOSPathToAvito;
			productReference = C17620B02BC7D6BC00CFC0B1 /* iOSPathToAvito.app */;
			productType = "com.apple.product-type.application";
		};
/* End PBXNativeTarget section */

/* Begin PBXProject section */
		C17620A82BC7D6BC00CFC0B1 /* Project object */ = {
			isa = PBXProject;
			attributes = {
				BuildIndependentTargetsInParallel = 1;
				LastSwiftUpdateCheck = 1530;
				LastUpgradeCheck = 1530;
				TargetAttributes = {
					C17620AF2BC7D6BC00CFC0B1 = {
						CreatedOnToolsVersion = 15.3;
					};
				};
			};
			buildConfigurationList = C17620AB2BC7D6BC00CFC0B1 /* Build configuration list for PBXProject "iOSPathToAvito" */;
			compatibilityVersion = "Xcode 14.0";
			developmentRegion = en;
			hasScannedForEncodings = 0;
			knownRegions = (
				en,
				Base,
			);
			mainGroup = C17620A72BC7D6BC00CFC0B1;
			productRefGroup = C17620B12BC7D6BC00CFC0B1 /* Products */;
			projectDirPath = "";
			projectRoot = "";
			targets = (
				C17620AF2BC7D6BC00CFC0B1 /* iOSPathToAvito */,
			);
		};
/* End PBXProject section */

/* Begin PBXResourcesBuildPhase section */
		C17620AE2BC7D6BC00CFC0B1 /* Resources */ = {
			isa = PBXResourcesBuildPhase;
			buildActionMask = 2147483647;
			files = (
				C17620BD2BC7D6C200CFC0B1 /* Assets.xcassets in Resources */,
				C17620C02BC7D6C200CFC0B1 /* Base in Resources */,
			);
			runOnlyForDeploymentPostprocessing = 0;
		};
/* End PBXResourcesBuildPhase section */

/* Begin PBXSourcesBuildPhase section */
		C17620AC2BC7D6BC00CFC0B1 /* Sources */ = {
			isa = PBXSourcesBuildPhase;
			buildActionMask = 2147483647;
			files = (
				C17654BB2BD3873900EEEF12 /* Coordinator.swift in Sources */,
				C17620B42BC7D6BC00CFC0B1 /* AppDelegate.swift in Sources */,
				C17654DA2BD3B07200EEEF12 /* BucketListInteractor.swift in Sources */,
				C17620B62BC7D6BC00CFC0B1 /* SceneDelegate.swift in Sources */,
				C17654C22BD3882100EEEF12 /* FavoritesViewController.swift in Sources */,
				C17654CE2BD38F4C00EEEF12 /* AppCoordinator.swift in Sources */,
				C17654C42BD3882E00EEEF12 /* ProductListViewController.swift in Sources */,
				C17654D62BD3AA4200EEEF12 /* TabBarPage.swift in Sources */,
				C17654DC2BD3B0AC00EEEF12 /* BucketListCoordinator.swift in Sources */,
				C17654D42BD3A1D400EEEF12 /* TabBarCoordinator.swift in Sources */,
				C17654D82BD3B05A00EEEF12 /* BucketListPresenter.swift in Sources */,
				C17654DE2BD3B4C000EEEF12 /* ModuleFactory.swift in Sources */,
				C17654C62BD3883900EEEF12 /* BucketListViewController.swift in Sources */,
			);
			runOnlyForDeploymentPostprocessing = 0;
		};
/* End PBXSourcesBuildPhase section */

/* Begin PBXVariantGroup section */
		C17620BE2BC7D6C200CFC0B1 /* LaunchScreen.storyboard */ = {
			isa = PBXVariantGroup;
			children = (
				C17620BF2BC7D6C200CFC0B1 /* Base */,
			);
			name = LaunchScreen.storyboard;
			sourceTree = "<group>";
		};
/* End PBXVariantGroup section */

/* Begin XCBuildConfiguration section */
		C17620C22BC7D6C200CFC0B1 /* Debug */ = {
			isa = XCBuildConfiguration;
			buildSettings = {
				ALWAYS_SEARCH_USER_PATHS = NO;
				ASSETCATALOG_COMPILER_GENERATE_SWIFT_ASSET_SYMBOL_EXTENSIONS = YES;
				CLANG_ANALYZER_NONNULL = YES;
				CLANG_ANALYZER_NUMBER_OBJECT_CONVERSION = YES_AGGRESSIVE;
				CLANG_CXX_LANGUAGE_STANDARD = "gnu++20";
				CLANG_ENABLE_MODULES = YES;
				CLANG_ENABLE_OBJC_ARC = YES;
				CLANG_ENABLE_OBJC_WEAK = YES;
				CLANG_WARN_BLOCK_CAPTURE_AUTORELEASING = YES;
				CLANG_WARN_BOOL_CONVERSION = YES;
				CLANG_WARN_COMMA = YES;
				CLANG_WARN_CONSTANT_CONVERSION = YES;
				CLANG_WARN_DEPRECATED_OBJC_IMPLEMENTATIONS = YES;
				CLANG_WARN_DIRECT_OBJC_ISA_USAGE = YES_ERROR;
				CLANG_WARN_DOCUMENTATION_COMMENTS = YES;
				CLANG_WARN_EMPTY_BODY = YES;
				CLANG_WARN_ENUM_CONVERSION = YES;
				CLANG_WARN_INFINITE_RECURSION = YES;
				CLANG_WARN_INT_CONVERSION = YES;
				CLANG_WARN_NON_LITERAL_NULL_CONVERSION = YES;
				CLANG_WARN_OBJC_IMPLICIT_RETAIN_SELF = YES;
				CLANG_WARN_OBJC_LITERAL_CONVERSION = YES;
				CLANG_WARN_OBJC_ROOT_CLASS = YES_ERROR;
				CLANG_WARN_QUOTED_INCLUDE_IN_FRAMEWORK_HEADER = YES;
				CLANG_WARN_RANGE_LOOP_ANALYSIS = YES;
				CLANG_WARN_STRICT_PROTOTYPES = YES;
				CLANG_WARN_SUSPICIOUS_MOVE = YES;
				CLANG_WARN_UNGUARDED_AVAILABILITY = YES_AGGRESSIVE;
				CLANG_WARN_UNREACHABLE_CODE = YES;
				CLANG_WARN__DUPLICATE_METHOD_MATCH = YES;
				COPY_PHASE_STRIP = NO;
				DEBUG_INFORMATION_FORMAT = dwarf;
				ENABLE_STRICT_OBJC_MSGSEND = YES;
				ENABLE_TESTABILITY = YES;
				ENABLE_USER_SCRIPT_SANDBOXING = YES;
				GCC_C_LANGUAGE_STANDARD = gnu17;
				GCC_DYNAMIC_NO_PIC = NO;
				GCC_NO_COMMON_BLOCKS = YES;
				GCC_OPTIMIZATION_LEVEL = 0;
				GCC_PREPROCESSOR_DEFINITIONS = (
					"DEBUG=1",
					"$(inherited)",
				);
				GCC_WARN_64_TO_32_BIT_CONVERSION = YES;
				GCC_WARN_ABOUT_RETURN_TYPE = YES_ERROR;
				GCC_WARN_UNDECLARED_SELECTOR = YES;
				GCC_WARN_UNINITIALIZED_AUTOS = YES_AGGRESSIVE;
				GCC_WARN_UNUSED_FUNCTION = YES;
				GCC_WARN_UNUSED_VARIABLE = YES;
				IPHONEOS_DEPLOYMENT_TARGET = 17.4;
				LOCALIZATION_PREFERS_STRING_CATALOGS = YES;
				MTL_ENABLE_DEBUG_INFO = INCLUDE_SOURCE;
				MTL_FAST_MATH = YES;
				ONLY_ACTIVE_ARCH = YES;
				SDKROOT = iphoneos;
				SWIFT_ACTIVE_COMPILATION_CONDITIONS = "DEBUG $(inherited)";
				SWIFT_OPTIMIZATION_LEVEL = "-Onone";
			};
			name = Debug;
		};
		C17620C32BC7D6C200CFC0B1 /* Release */ = {
			isa = XCBuildConfiguration;
			buildSettings = {
				ALWAYS_SEARCH_USER_PATHS = NO;
				ASSETCATALOG_COMPILER_GENERATE_SWIFT_ASSET_SYMBOL_EXTENSIONS = YES;
				CLANG_ANALYZER_NONNULL = YES;
				CLANG_ANALYZER_NUMBER_OBJECT_CONVERSION = YES_AGGRESSIVE;
				CLANG_CXX_LANGUAGE_STANDARD = "gnu++20";
				CLANG_ENABLE_MODULES = YES;
				CLANG_ENABLE_OBJC_ARC = YES;
				CLANG_ENABLE_OBJC_WEAK = YES;
				CLANG_WARN_BLOCK_CAPTURE_AUTORELEASING = YES;
				CLANG_WARN_BOOL_CONVERSION = YES;
				CLANG_WARN_COMMA = YES;
				CLANG_WARN_CONSTANT_CONVERSION = YES;
				CLANG_WARN_DEPRECATED_OBJC_IMPLEMENTATIONS = YES;
				CLANG_WARN_DIRECT_OBJC_ISA_USAGE = YES_ERROR;
				CLANG_WARN_DOCUMENTATION_COMMENTS = YES;
				CLANG_WARN_EMPTY_BODY = YES;
				CLANG_WARN_ENUM_CONVERSION = YES;
				CLANG_WARN_INFINITE_RECURSION = YES;
				CLANG_WARN_INT_CONVERSION = YES;
				CLANG_WARN_NON_LITERAL_NULL_CONVERSION = YES;
				CLANG_WARN_OBJC_IMPLICIT_RETAIN_SELF = YES;
				CLANG_WARN_OBJC_LITERAL_CONVERSION = YES;
				CLANG_WARN_OBJC_ROOT_CLASS = YES_ERROR;
				CLANG_WARN_QUOTED_INCLUDE_IN_FRAMEWORK_HEADER = YES;
				CLANG_WARN_RANGE_LOOP_ANALYSIS = YES;
				CLANG_WARN_STRICT_PROTOTYPES = YES;
				CLANG_WARN_SUSPICIOUS_MOVE = YES;
				CLANG_WARN_UNGUARDED_AVAILABILITY = YES_AGGRESSIVE;
				CLANG_WARN_UNREACHABLE_CODE = YES;
				CLANG_WARN__DUPLICATE_METHOD_MATCH = YES;
				COPY_PHASE_STRIP = NO;
				DEBUG_INFORMATION_FORMAT = "dwarf-with-dsym";
				ENABLE_NS_ASSERTIONS = NO;
				ENABLE_STRICT_OBJC_MSGSEND = YES;
				ENABLE_USER_SCRIPT_SANDBOXING = YES;
				GCC_C_LANGUAGE_STANDARD = gnu17;
				GCC_NO_COMMON_BLOCKS = YES;
				GCC_WARN_64_TO_32_BIT_CONVERSION = YES;
				GCC_WARN_ABOUT_RETURN_TYPE = YES_ERROR;
				GCC_WARN_UNDECLARED_SELECTOR = YES;
				GCC_WARN_UNINITIALIZED_AUTOS = YES_AGGRESSIVE;
				GCC_WARN_UNUSED_FUNCTION = YES;
				GCC_WARN_UNUSED_VARIABLE = YES;
				IPHONEOS_DEPLOYMENT_TARGET = 17.4;
				LOCALIZATION_PREFERS_STRING_CATALOGS = YES;
				MTL_ENABLE_DEBUG_INFO = NO;
				MTL_FAST_MATH = YES;
				SDKROOT = iphoneos;
				SWIFT_COMPILATION_MODE = wholemodule;
				VALIDATE_PRODUCT = YES;
			};
			name = Release;
		};
		C17620C52BC7D6C200CFC0B1 /* Debug */ = {
			isa = XCBuildConfiguration;
			buildSettings = {
				ASSETCATALOG_COMPILER_APPICON_NAME = AppIcon;
				ASSETCATALOG_COMPILER_GLOBAL_ACCENT_COLOR_NAME = AccentColor;
				CODE_SIGN_STYLE = Automatic;
				CURRENT_PROJECT_VERSION = 1;
				DEVELOPMENT_TEAM = LNZDPFF253;
				GENERATE_INFOPLIST_FILE = YES;
				INFOPLIST_FILE = iOSPathToAvito/Info.plist;
				INFOPLIST_KEY_UIApplicationSupportsIndirectInputEvents = YES;
				INFOPLIST_KEY_UILaunchStoryboardName = LaunchScreen;
				INFOPLIST_KEY_UISupportedInterfaceOrientations_iPad = "UIInterfaceOrientationPortrait UIInterfaceOrientationPortraitUpsideDown UIInterfaceOrientationLandscapeLeft UIInterfaceOrientationLandscapeRight";
				INFOPLIST_KEY_UISupportedInterfaceOrientations_iPhone = "UIInterfaceOrientationPortrait UIInterfaceOrientationLandscapeLeft UIInterfaceOrientationLandscapeRight";
				LD_RUNPATH_SEARCH_PATHS = (
					"$(inherited)",
					"@executable_path/Frameworks",
				);
				MARKETING_VERSION = 1.0;
				PRODUCT_BUNDLE_IDENTIFIER = smkhlv.iOSPathToAvito;
				PRODUCT_NAME = "$(TARGET_NAME)";
				SWIFT_EMIT_LOC_STRINGS = YES;
				SWIFT_VERSION = 5.0;
				TARGETED_DEVICE_FAMILY = "1,2";
			};
			name = Debug;
		};
		C17620C62BC7D6C200CFC0B1 /* Release */ = {
			isa = XCBuildConfiguration;
			buildSettings = {
				ASSETCATALOG_COMPILER_APPICON_NAME = AppIcon;
				ASSETCATALOG_COMPILER_GLOBAL_ACCENT_COLOR_NAME = AccentColor;
				CODE_SIGN_STYLE = Automatic;
				CURRENT_PROJECT_VERSION = 1;
				DEVELOPMENT_TEAM = LNZDPFF253;
				GENERATE_INFOPLIST_FILE = YES;
				INFOPLIST_FILE = iOSPathToAvito/Info.plist;
				INFOPLIST_KEY_UIApplicationSupportsIndirectInputEvents = YES;
				INFOPLIST_KEY_UILaunchStoryboardName = LaunchScreen;
				INFOPLIST_KEY_UISupportedInterfaceOrientations_iPad = "UIInterfaceOrientationPortrait UIInterfaceOrientationPortraitUpsideDown UIInterfaceOrientationLandscapeLeft UIInterfaceOrientationLandscapeRight";
				INFOPLIST_KEY_UISupportedInterfaceOrientations_iPhone = "UIInterfaceOrientationPortrait UIInterfaceOrientationLandscapeLeft UIInterfaceOrientationLandscapeRight";
				LD_RUNPATH_SEARCH_PATHS = (
					"$(inherited)",
					"@executable_path/Frameworks",
				);
				MARKETING_VERSION = 1.0;
				PRODUCT_BUNDLE_IDENTIFIER = smkhlv.iOSPathToAvito;
				PRODUCT_NAME = "$(TARGET_NAME)";
				SWIFT_EMIT_LOC_STRINGS = YES;
				SWIFT_VERSION = 5.0;
				TARGETED_DEVICE_FAMILY = "1,2";
			};
			name = Release;
		};
/* End XCBuildConfiguration section */

/* Begin XCConfigurationList section */
		C17620AB2BC7D6BC00CFC0B1 /* Build configuration list for PBXProject "iOSPathToAvito" */ = {
			isa = XCConfigurationList;
			buildConfigurations = (
				C17620C22BC7D6C200CFC0B1 /* Debug */,
				C17620C32BC7D6C200CFC0B1 /* Release */,
			);
			defaultConfigurationIsVisible = 0;
			defaultConfigurationName = Release;
		};
		C17620C42BC7D6C200CFC0B1 /* Build configuration list for PBXNativeTarget "iOSPathToAvito" */ = {
			isa = XCConfigurationList;
			buildConfigurations = (
				C17620C52BC7D6C200CFC0B1 /* Debug */,
				C17620C62BC7D6C200CFC0B1 /* Release */,
			);
			defaultConfigurationIsVisible = 0;
			defaultConfigurationName = Release;
		};
/* End XCConfigurationList section */
	};
	rootObject = C17620A82BC7D6BC00CFC0B1 /* Project object */;
}
